
Microsoft Visual Studio Solution File, Format Version 12.00
# Visual Studio Version 17
VisualStudioVersion = 17.0.31903.59
MinimumVisualStudioVersion = 10.0.40219.1
Project("{9A19103F-16F7-4668-BE54-9A1E7A4F7556}") = "Family-Chronicles-Server", "src\Family-Chronicles-Server.csproj", "{1694CDD9-8790-4894-A72E-EC3098780F26}"
EndProject
Project("{E53339B2-1760-4266-BCC7-CA923CBCF16C}") = "docker-compose", "docker-compose.dcproj", "{34B33DC0-8C1C-4171-808F-DA345C795982}"
EndProject
Global
	GlobalSection(SolutionConfigurationPlatforms) = preSolution
		Debug|Any CPU = Debug|Any CPU
		Release|Any CPU = Release|Any CPU
	EndGlobalSection
	GlobalSection(ProjectConfigurationPlatforms) = postSolution
		{1694CDD9-8790-4894-A72E-EC3098780F26}.Debug|Any CPU.ActiveCfg = Debug|Any CPU
		{1694CDD9-8790-4894-A72E-EC3098780F26}.Debug|Any CPU.Build.0 = Debug|Any CPU
		{1694CDD9-8790-4894-A72E-EC3098780F26}.Release|Any CPU.ActiveCfg = Release|Any CPU
		{1694CDD9-8790-4894-A72E-EC3098780F26}.Release|Any CPU.Build.0 = Release|Any CPU
		{34B33DC0-8C1C-4171-808F-DA345C795982}.Debug|Any CPU.ActiveCfg = Debug|Any CPU
		{34B33DC0-8C1C-4171-808F-DA345C795982}.Debug|Any CPU.Build.0 = Debug|Any CPU
		{34B33DC0-8C1C-4171-808F-DA345C795982}.Release|Any CPU.ActiveCfg = Release|Any CPU
		{34B33DC0-8C1C-4171-808F-DA345C795982}.Release|Any CPU.Build.0 = Release|Any CPU
	EndGlobalSection
	GlobalSection(SolutionProperties) = preSolution
		HideSolutionNode = FALSE
	EndGlobalSection
	GlobalSection(ExtensibilityGlobals) = postSolution
		SolutionGuid = {F73A13F9-0BD4-41DC-9E26-36E44EE95522}
	EndGlobalSection
EndGlobal
