
Microsoft Visual Studio Solution File, Format Version 12.00
# Visual Studio Version 17
VisualStudioVersion = 17.0.31903.59
MinimumVisualStudioVersion = 10.0.40219.1
Project("{FAE04EC0-301F-11D3-BF4B-00C04F79EFBC}") = "Family-Chronicles", "Family-Chronicles\Family-Chronicles.csproj", "{BFE9AA5C-06A5-49A6-8743-861DDD2BBA29}"
EndProject
Global
	GlobalSection(SolutionConfigurationPlatforms) = preSolution
		Debug|Any CPU = Debug|Any CPU
		Release|Any CPU = Release|Any CPU
	EndGlobalSection
	GlobalSection(ProjectConfigurationPlatforms) = postSolution
		{BFE9AA5C-06A5-49A6-8743-861DDD2BBA29}.Debug|Any CPU.ActiveCfg = Debug|Any CPU
		{BFE9AA5C-06A5-49A6-8743-861DDD2BBA29}.Debug|Any CPU.Build.0 = Debug|Any CPU
		{BFE9AA5C-06A5-49A6-8743-861DDD2BBA29}.Release|Any CPU.ActiveCfg = Release|Any CPU
		{BFE9AA5C-06A5-49A6-8743-861DDD2BBA29}.Release|Any CPU.Build.0 = Release|Any CPU
	EndGlobalSection
	GlobalSection(SolutionProperties) = preSolution
		HideSolutionNode = FALSE
	EndGlobalSection
	GlobalSection(ExtensibilityGlobals) = postSolution
		SolutionGuid = {034A083E-730C-4648-A0F4-A61CA9671D54}
	EndGlobalSection
EndGlobal
